Microsoft Visual Studio Solution File, Format Version 12.00
# Visual Studio 15
VisualStudioVersion = 15.0.28307.136
MinimumVisualStudioVersion = 10.0.40219.1
Project("{9A19103F-16F7-4668-BE54-9A1E7A4F7556}") = "Day01", "Day01\Day01.csproj", "{E6DF7218-A934-4608-8077-6868884B8147}"
EndProject
Project("{9A19103F-16F7-4668-BE54-9A1E7A4F7556}") = "Day02", "Day02\Day02.csproj", "{EC5F959C-EFFA-49B2-AA5A-C4A4C47AF1A8}"
EndProject
Project("{9A19103F-16F7-4668-BE54-9A1E7A4F7556}") = "Day03", "Day03\Day03.csproj", "{38DDF92D-3227-4546-AA91-2853007441F7}"
EndProject
Project("{FAE04EC0-301F-11D3-BF4B-00C04F79EFBC}") = "Day04", "Day04\Day04.csproj", "{A043A628-9A8E-4D21-B2F7-E0F8EFEFAE4B}"
EndProject
Project("{D954291E-2A0B-460D-934E-DC6B0785DB48}") = "Common", "Common\Common.shproj", "{A715EC53-338F-4BB2-9098-BF5E8AD237B9}"
EndProject
Project("{FAE04EC0-301F-11D3-BF4B-00C04F79EFBC}") = "Day05", "Day05\Day05.csproj", "{7FF8156B-765C-4A90-813D-522A80DA1896}"
EndProject
Project("{FAE04EC0-301F-11D3-BF4B-00C04F79EFBC}") = "Day06", "Day06\Day06.csproj", "{EDB1A821-E8BD-4159-918B-556E33CDCFA6}"
EndProject
Project("{FAE04EC0-301F-11D3-BF4B-00C04F79EFBC}") = "Day07", "Day07\Day07.csproj", "{51069DB4-1E2E-4659-B5AF-BA058CA7F0FD}"
EndProject
Project("{FAE04EC0-301F-11D3-BF4B-00C04F79EFBC}") = "Day08", "Day08\Day08.csproj", "{5F4AABE2-1523-454A-ABFE-839424BB59FA}"
EndProject
Project("{FAE04EC0-301F-11D3-BF4B-00C04F79EFBC}") = "Day09", "Day09\Day09.csproj", "{FAED3BD5-7634-4A2E-A658-30D48A5F3D19}"
EndProject
Project("{FAE04EC0-301F-11D3-BF4B-00C04F79EFBC}") = "Day10", "Day10\Day10.csproj", "{E0A0C032-669A-4A5C-A665-83372EAACE1E}"
EndProject
Project("{FAE04EC0-301F-11D3-BF4B-00C04F79EFBC}") = "Day11", "Day11\Day11.csproj", "{86C9233E-0C29-4C4D-A5D2-E9E626F0D44A}"
EndProject
Project("{FAE04EC0-301F-11D3-BF4B-00C04F79EFBC}") = "Day12", "Day12\Day12.csproj", "{83E2A92C-D722-4AEE-B496-BED534CF5A97}"
EndProject
Project("{FAE04EC0-301F-11D3-BF4B-00C04F79EFBC}") = "Day13", "Day13\Day13.csproj", "{6AB75710-C533-414A-A609-9701535F5EDD}"
EndProject
Project("{FAE04EC0-301F-11D3-BF4B-00C04F79EFBC}") = "Day14", "Day14\Day14.csproj", "{5F431F03-CCBD-4AF1-81D2-AD66A4B3696F}"
EndProject
Project("{FAE04EC0-301F-11D3-BF4B-00C04F79EFBC}") = "Day15", "Day15\Day15.csproj", "{A0B015AE-D20B-45E9-88EC-E0553FCBFCBA}"
EndProject
Project("{FAE04EC0-301F-11D3-BF4B-00C04F79EFBC}") = "Day16", "Day16\Day16.csproj", "{21FED987-E462-4E60-8314-0D5716697F4C}"
EndProject
Project("{FAE04EC0-301F-11D3-BF4B-00C04F79EFBC}") = "Day19", "Day19\Day19.csproj", "{D330CEAE-E989-448E-BA81-661437BD97EB}"
EndProject
Project("{FAE04EC0-301F-11D3-BF4B-00C04F79EFBC}") = "Day17", "Day17\Day17.csproj", "{D01010D6-6E3A-481F-A914-67850C08D08D}"
EndProject
Project("{FAE04EC0-301F-11D3-BF4B-00C04F79EFBC}") = "Day18", "Day18\Day18.csproj", "{BA5B5DEA-8FC2-4817-8E98-1E5277B949C2}"
EndProject
Project("{FAE04EC0-301F-11D3-BF4B-00C04F79EFBC}") = "Day20", "Day20\Day20.csproj", "{9484C0B8-5D65-4D0D-A06D-93BF841C1FAE}"
EndProject
Project("{FAE04EC0-301F-11D3-BF4B-00C04F79EFBC}") = "Day21", "Day21\Day21.csproj", "{CC7F0BC6-1A51-4F81-A5F1-C8B4C571AD90}"
EndProject
Project("{FAE04EC0-301F-11D3-BF4B-00C04F79EFBC}") = "Day22", "Day22\Day22.csproj", "{6775237C-B10A-4C95-8857-019EE50493C5}"
EndProject
Project("{FAE04EC0-301F-11D3-BF4B-00C04F79EFBC}") = "Day23", "Day23\Day23.csproj", "{24D0C1BA-259D-4AFC-9BF4-7C3AA24B5256}"
EndProject
Project("{FAE04EC0-301F-11D3-BF4B-00C04F79EFBC}") = "Day24", "Day24\Day24.csproj", "{86EFC0D3-6DD4-417D-BBB3-0C5596325C89}"
EndProject
Project("{FAE04EC0-301F-11D3-BF4B-00C04F79EFBC}") = "Day25", "Day25\Day25.csproj", "{6766D06C-5DB7-4933-A4AC-38396904C0DA}"
EndProject
Global
	GlobalSection(SolutionConfigurationPlatforms) = preSolution
		Debug|Any CPU = Debug|Any CPU
		Release|Any CPU = Release|Any CPU
		Default|Any CPU = Default|Any CPU
	EndGlobalSection
	GlobalSection(ProjectConfigurationPlatforms) = postSolution
		{E6DF7218-A934-4608-8077-6868884B8147}.Debug|Any CPU.ActiveCfg = Debug|Any CPU
		{E6DF7218-A934-4608-8077-6868884B8147}.Debug|Any CPU.Build.0 = Debug|Any CPU
		{E6DF7218-A934-4608-8077-6868884B8147}.Release|Any CPU.ActiveCfg = Release|Any CPU
		{E6DF7218-A934-4608-8077-6868884B8147}.Release|Any CPU.Build.0 = Release|Any CPU
		{E6DF7218-A934-4608-8077-6868884B8147}.Default|Any CPU.ActiveCfg = Debug|Any CPU
		{E6DF7218-A934-4608-8077-6868884B8147}.Default|Any CPU.Build.0 = Debug|Any CPU
		{EC5F959C-EFFA-49B2-AA5A-C4A4C47AF1A8}.Debug|Any CPU.ActiveCfg = Debug|Any CPU
		{EC5F959C-EFFA-49B2-AA5A-C4A4C47AF1A8}.Debug|Any CPU.Build.0 = Debug|Any CPU
		{EC5F959C-EFFA-49B2-AA5A-C4A4C47AF1A8}.Release|Any CPU.ActiveCfg = Release|Any CPU
		{EC5F959C-EFFA-49B2-AA5A-C4A4C47AF1A8}.Release|Any CPU.Build.0 = Release|Any CPU
		{EC5F959C-EFFA-49B2-AA5A-C4A4C47AF1A8}.Default|Any CPU.ActiveCfg = Debug|Any CPU
		{EC5F959C-EFFA-49B2-AA5A-C4A4C47AF1A8}.Default|Any CPU.Build.0 = Debug|Any CPU
		{38DDF92D-3227-4546-AA91-2853007441F7}.Debug|Any CPU.ActiveCfg = Debug|Any CPU
		{38DDF92D-3227-4546-AA91-2853007441F7}.Debug|Any CPU.Build.0 = Debug|Any CPU
		{38DDF92D-3227-4546-AA91-2853007441F7}.Release|Any CPU.ActiveCfg = Release|Any CPU
		{38DDF92D-3227-4546-AA91-2853007441F7}.Release|Any CPU.Build.0 = Release|Any CPU
		{38DDF92D-3227-4546-AA91-2853007441F7}.Default|Any CPU.ActiveCfg = Debug|Any CPU
		{38DDF92D-3227-4546-AA91-2853007441F7}.Default|Any CPU.Build.0 = Debug|Any CPU
		{A043A628-9A8E-4D21-B2F7-E0F8EFEFAE4B}.Debug|Any CPU.ActiveCfg = Debug|Any CPU
		{A043A628-9A8E-4D21-B2F7-E0F8EFEFAE4B}.Debug|Any CPU.Build.0 = Debug|Any CPU
		{A043A628-9A8E-4D21-B2F7-E0F8EFEFAE4B}.Release|Any CPU.ActiveCfg = Release|Any CPU
		{A043A628-9A8E-4D21-B2F7-E0F8EFEFAE4B}.Release|Any CPU.Build.0 = Release|Any CPU
		{A043A628-9A8E-4D21-B2F7-E0F8EFEFAE4B}.Default|Any CPU.ActiveCfg = Debug|Any CPU
		{A043A628-9A8E-4D21-B2F7-E0F8EFEFAE4B}.Default|Any CPU.Build.0 = Debug|Any CPU
		{7FF8156B-765C-4A90-813D-522A80DA1896}.Debug|Any CPU.ActiveCfg = Debug|Any CPU
		{7FF8156B-765C-4A90-813D-522A80DA1896}.Debug|Any CPU.Build.0 = Debug|Any CPU
		{7FF8156B-765C-4A90-813D-522A80DA1896}.Release|Any CPU.ActiveCfg = Release|Any CPU
		{7FF8156B-765C-4A90-813D-522A80DA1896}.Release|Any CPU.Build.0 = Release|Any CPU
		{7FF8156B-765C-4A90-813D-522A80DA1896}.Default|Any CPU.ActiveCfg = Debug|Any CPU
		{7FF8156B-765C-4A90-813D-522A80DA1896}.Default|Any CPU.Build.0 = Debug|Any CPU
		{EDB1A821-E8BD-4159-918B-556E33CDCFA6}.Debug|Any CPU.ActiveCfg = Debug|Any CPU
		{EDB1A821-E8BD-4159-918B-556E33CDCFA6}.Debug|Any CPU.Build.0 = Debug|Any CPU
		{EDB1A821-E8BD-4159-918B-556E33CDCFA6}.Release|Any CPU.ActiveCfg = Release|Any CPU
		{EDB1A821-E8BD-4159-918B-556E33CDCFA6}.Release|Any CPU.Build.0 = Release|Any CPU
		{EDB1A821-E8BD-4159-918B-556E33CDCFA6}.Default|Any CPU.ActiveCfg = Debug|Any CPU
		{EDB1A821-E8BD-4159-918B-556E33CDCFA6}.Default|Any CPU.Build.0 = Debug|Any CPU
		{51069DB4-1E2E-4659-B5AF-BA058CA7F0FD}.Debug|Any CPU.ActiveCfg = Debug|Any CPU
		{51069DB4-1E2E-4659-B5AF-BA058CA7F0FD}.Debug|Any CPU.Build.0 = Debug|Any CPU
		{51069DB4-1E2E-4659-B5AF-BA058CA7F0FD}.Release|Any CPU.ActiveCfg = Release|Any CPU
		{51069DB4-1E2E-4659-B5AF-BA058CA7F0FD}.Release|Any CPU.Build.0 = Release|Any CPU
		{51069DB4-1E2E-4659-B5AF-BA058CA7F0FD}.Default|Any CPU.ActiveCfg = Debug|Any CPU
		{51069DB4-1E2E-4659-B5AF-BA058CA7F0FD}.Default|Any CPU.Build.0 = Debug|Any CPU
		{5F4AABE2-1523-454A-ABFE-839424BB59FA}.Debug|Any CPU.ActiveCfg = Debug|Any CPU
		{5F4AABE2-1523-454A-ABFE-839424BB59FA}.Debug|Any CPU.Build.0 = Debug|Any CPU
		{5F4AABE2-1523-454A-ABFE-839424BB59FA}.Release|Any CPU.ActiveCfg = Release|Any CPU
		{5F4AABE2-1523-454A-ABFE-839424BB59FA}.Release|Any CPU.Build.0 = Release|Any CPU
		{5F4AABE2-1523-454A-ABFE-839424BB59FA}.Default|Any CPU.ActiveCfg = Debug|Any CPU
		{5F4AABE2-1523-454A-ABFE-839424BB59FA}.Default|Any CPU.Build.0 = Debug|Any CPU
		{FAED3BD5-7634-4A2E-A658-30D48A5F3D19}.Debug|Any CPU.ActiveCfg = Debug|Any CPU
		{FAED3BD5-7634-4A2E-A658-30D48A5F3D19}.Debug|Any CPU.Build.0 = Debug|Any CPU
		{FAED3BD5-7634-4A2E-A658-30D48A5F3D19}.Release|Any CPU.ActiveCfg = Release|Any CPU
		{FAED3BD5-7634-4A2E-A658-30D48A5F3D19}.Release|Any CPU.Build.0 = Release|Any CPU
		{FAED3BD5-7634-4A2E-A658-30D48A5F3D19}.Default|Any CPU.ActiveCfg = Debug|Any CPU
		{FAED3BD5-7634-4A2E-A658-30D48A5F3D19}.Default|Any CPU.Build.0 = Debug|Any CPU
		{E0A0C032-669A-4A5C-A665-83372EAACE1E}.Debug|Any CPU.ActiveCfg = Debug|Any CPU
		{E0A0C032-669A-4A5C-A665-83372EAACE1E}.Debug|Any CPU.Build.0 = Debug|Any CPU
		{E0A0C032-669A-4A5C-A665-83372EAACE1E}.Release|Any CPU.ActiveCfg = Release|Any CPU
		{E0A0C032-669A-4A5C-A665-83372EAACE1E}.Release|Any CPU.Build.0 = Release|Any CPU
		{E0A0C032-669A-4A5C-A665-83372EAACE1E}.Default|Any CPU.ActiveCfg = Debug|Any CPU
		{E0A0C032-669A-4A5C-A665-83372EAACE1E}.Default|Any CPU.Build.0 = Debug|Any CPU
		{86C9233E-0C29-4C4D-A5D2-E9E626F0D44A}.Debug|Any CPU.ActiveCfg = Debug|Any CPU
		{86C9233E-0C29-4C4D-A5D2-E9E626F0D44A}.Debug|Any CPU.Build.0 = Debug|Any CPU
		{86C9233E-0C29-4C4D-A5D2-E9E626F0D44A}.Release|Any CPU.ActiveCfg = Release|Any CPU
		{86C9233E-0C29-4C4D-A5D2-E9E626F0D44A}.Release|Any CPU.Build.0 = Release|Any CPU
		{86C9233E-0C29-4C4D-A5D2-E9E626F0D44A}.Default|Any CPU.ActiveCfg = Debug|Any CPU
		{86C9233E-0C29-4C4D-A5D2-E9E626F0D44A}.Default|Any CPU.Build.0 = Debug|Any CPU
		{83E2A92C-D722-4AEE-B496-BED534CF5A97}.Debug|Any CPU.ActiveCfg = Debug|Any CPU
		{83E2A92C-D722-4AEE-B496-BED534CF5A97}.Debug|Any CPU.Build.0 = Debug|Any CPU
		{83E2A92C-D722-4AEE-B496-BED534CF5A97}.Release|Any CPU.ActiveCfg = Release|Any CPU
		{83E2A92C-D722-4AEE-B496-BED534CF5A97}.Release|Any CPU.Build.0 = Release|Any CPU
		{83E2A92C-D722-4AEE-B496-BED534CF5A97}.Default|Any CPU.ActiveCfg = Debug|Any CPU
		{83E2A92C-D722-4AEE-B496-BED534CF5A97}.Default|Any CPU.Build.0 = Debug|Any CPU
		{6AB75710-C533-414A-A609-9701535F5EDD}.Debug|Any CPU.ActiveCfg = Debug|Any CPU
		{6AB75710-C533-414A-A609-9701535F5EDD}.Debug|Any CPU.Build.0 = Debug|Any CPU
		{6AB75710-C533-414A-A609-9701535F5EDD}.Release|Any CPU.ActiveCfg = Release|Any CPU
		{6AB75710-C533-414A-A609-9701535F5EDD}.Release|Any CPU.Build.0 = Release|Any CPU
		{6AB75710-C533-414A-A609-9701535F5EDD}.Default|Any CPU.ActiveCfg = Debug|Any CPU
		{6AB75710-C533-414A-A609-9701535F5EDD}.Default|Any CPU.Build.0 = Debug|Any CPU
		{5F431F03-CCBD-4AF1-81D2-AD66A4B3696F}.Debug|Any CPU.ActiveCfg = Debug|Any CPU
		{5F431F03-CCBD-4AF1-81D2-AD66A4B3696F}.Debug|Any CPU.Build.0 = Debug|Any CPU
		{5F431F03-CCBD-4AF1-81D2-AD66A4B3696F}.Release|Any CPU.ActiveCfg = Release|Any CPU
		{5F431F03-CCBD-4AF1-81D2-AD66A4B3696F}.Release|Any CPU.Build.0 = Release|Any CPU
		{5F431F03-CCBD-4AF1-81D2-AD66A4B3696F}.Default|Any CPU.ActiveCfg = Debug|Any CPU
		{5F431F03-CCBD-4AF1-81D2-AD66A4B3696F}.Default|Any CPU.Build.0 = Debug|Any CPU
		{A0B015AE-D20B-45E9-88EC-E0553FCBFCBA}.Debug|Any CPU.ActiveCfg = Debug|Any CPU
		{A0B015AE-D20B-45E9-88EC-E0553FCBFCBA}.Debug|Any CPU.Build.0 = Debug|Any CPU
		{A0B015AE-D20B-45E9-88EC-E0553FCBFCBA}.Release|Any CPU.ActiveCfg = Release|Any CPU
		{A0B015AE-D20B-45E9-88EC-E0553FCBFCBA}.Release|Any CPU.Build.0 = Release|Any CPU
		{A0B015AE-D20B-45E9-88EC-E0553FCBFCBA}.Default|Any CPU.ActiveCfg = Debug|Any CPU
		{A0B015AE-D20B-45E9-88EC-E0553FCBFCBA}.Default|Any CPU.Build.0 = Debug|Any CPU
		{21FED987-E462-4E60-8314-0D5716697F4C}.Debug|Any CPU.ActiveCfg = Debug|Any CPU
		{21FED987-E462-4E60-8314-0D5716697F4C}.Debug|Any CPU.Build.0 = Debug|Any CPU
		{21FED987-E462-4E60-8314-0D5716697F4C}.Release|Any CPU.ActiveCfg = Release|Any CPU
		{21FED987-E462-4E60-8314-0D5716697F4C}.Release|Any CPU.Build.0 = Release|Any CPU
		{21FED987-E462-4E60-8314-0D5716697F4C}.Default|Any CPU.ActiveCfg = Debug|Any CPU
		{21FED987-E462-4E60-8314-0D5716697F4C}.Default|Any CPU.Build.0 = Debug|Any CPU
		{D330CEAE-E989-448E-BA81-661437BD97EB}.Debug|Any CPU.ActiveCfg = Debug|Any CPU
		{D330CEAE-E989-448E-BA81-661437BD97EB}.Debug|Any CPU.Build.0 = Debug|Any CPU
		{D330CEAE-E989-448E-BA81-661437BD97EB}.Release|Any CPU.ActiveCfg = Release|Any CPU
		{D330CEAE-E989-448E-BA81-661437BD97EB}.Release|Any CPU.Build.0 = Release|Any CPU
		{D330CEAE-E989-448E-BA81-661437BD97EB}.Default|Any CPU.ActiveCfg = Debug|Any CPU
		{D330CEAE-E989-448E-BA81-661437BD97EB}.Default|Any CPU.Build.0 = Debug|Any CPU
		{D01010D6-6E3A-481F-A914-67850C08D08D}.Debug|Any CPU.ActiveCfg = Debug|Any CPU
		{D01010D6-6E3A-481F-A914-67850C08D08D}.Debug|Any CPU.Build.0 = Debug|Any CPU
		{D01010D6-6E3A-481F-A914-67850C08D08D}.Release|Any CPU.ActiveCfg = Release|Any CPU
		{D01010D6-6E3A-481F-A914-67850C08D08D}.Release|Any CPU.Build.0 = Release|Any CPU
		{D01010D6-6E3A-481F-A914-67850C08D08D}.Default|Any CPU.ActiveCfg = Debug|Any CPU
		{D01010D6-6E3A-481F-A914-67850C08D08D}.Default|Any CPU.Build.0 = Debug|Any CPU
		{BA5B5DEA-8FC2-4817-8E98-1E5277B949C2}.Debug|Any CPU.ActiveCfg = Debug|Any CPU
		{BA5B5DEA-8FC2-4817-8E98-1E5277B949C2}.Debug|Any CPU.Build.0 = Debug|Any CPU
		{BA5B5DEA-8FC2-4817-8E98-1E5277B949C2}.Release|Any CPU.ActiveCfg = Release|Any CPU
		{BA5B5DEA-8FC2-4817-8E98-1E5277B949C2}.Release|Any CPU.Build.0 = Release|Any CPU
		{BA5B5DEA-8FC2-4817-8E98-1E5277B949C2}.Default|Any CPU.ActiveCfg = Debug|Any CPU
		{BA5B5DEA-8FC2-4817-8E98-1E5277B949C2}.Default|Any CPU.Build.0 = Debug|Any CPU
		{9484C0B8-5D65-4D0D-A06D-93BF841C1FAE}.Debug|Any CPU.ActiveCfg = Debug|Any CPU
		{9484C0B8-5D65-4D0D-A06D-93BF841C1FAE}.Debug|Any CPU.Build.0 = Debug|Any CPU
		{9484C0B8-5D65-4D0D-A06D-93BF841C1FAE}.Release|Any CPU.ActiveCfg = Release|Any CPU
		{9484C0B8-5D65-4D0D-A06D-93BF841C1FAE}.Release|Any CPU.Build.0 = Release|Any CPU
		{9484C0B8-5D65-4D0D-A06D-93BF841C1FAE}.Default|Any CPU.ActiveCfg = Debug|Any CPU
		{9484C0B8-5D65-4D0D-A06D-93BF841C1FAE}.Default|Any CPU.Build.0 = Debug|Any CPU
		{CC7F0BC6-1A51-4F81-A5F1-C8B4C571AD90}.Debug|Any CPU.ActiveCfg = Debug|Any CPU
		{CC7F0BC6-1A51-4F81-A5F1-C8B4C571AD90}.Debug|Any CPU.Build.0 = Debug|Any CPU
		{CC7F0BC6-1A51-4F81-A5F1-C8B4C571AD90}.Release|Any CPU.ActiveCfg = Release|Any CPU
		{CC7F0BC6-1A51-4F81-A5F1-C8B4C571AD90}.Release|Any CPU.Build.0 = Release|Any CPU
		{CC7F0BC6-1A51-4F81-A5F1-C8B4C571AD90}.Default|Any CPU.ActiveCfg = Debug|Any CPU
		{CC7F0BC6-1A51-4F81-A5F1-C8B4C571AD90}.Default|Any CPU.Build.0 = Debug|Any CPU
		{6775237C-B10A-4C95-8857-019EE50493C5}.Debug|Any CPU.ActiveCfg = Debug|Any CPU
		{6775237C-B10A-4C95-8857-019EE50493C5}.Debug|Any CPU.Build.0 = Debug|Any CPU
		{6775237C-B10A-4C95-8857-019EE50493C5}.Release|Any CPU.ActiveCfg = Release|Any CPU
		{6775237C-B10A-4C95-8857-019EE50493C5}.Release|Any CPU.Build.0 = Release|Any CPU
		{6775237C-B10A-4C95-8857-019EE50493C5}.Default|Any CPU.ActiveCfg = Debug|Any CPU
		{6775237C-B10A-4C95-8857-019EE50493C5}.Default|Any CPU.Build.0 = Debug|Any CPU
		{24D0C1BA-259D-4AFC-9BF4-7C3AA24B5256}.Debug|Any CPU.ActiveCfg = Debug|Any CPU
		{24D0C1BA-259D-4AFC-9BF4-7C3AA24B5256}.Debug|Any CPU.Build.0 = Debug|Any CPU
		{24D0C1BA-259D-4AFC-9BF4-7C3AA24B5256}.Release|Any CPU.ActiveCfg = Release|Any CPU
		{24D0C1BA-259D-4AFC-9BF4-7C3AA24B5256}.Release|Any CPU.Build.0 = Release|Any CPU
		{24D0C1BA-259D-4AFC-9BF4-7C3AA24B5256}.Default|Any CPU.ActiveCfg = Debug|Any CPU
		{24D0C1BA-259D-4AFC-9BF4-7C3AA24B5256}.Default|Any CPU.Build.0 = Debug|Any CPU
		{86EFC0D3-6DD4-417D-BBB3-0C5596325C89}.Debug|Any CPU.ActiveCfg = Debug|Any CPU
		{86EFC0D3-6DD4-417D-BBB3-0C5596325C89}.Debug|Any CPU.Build.0 = Debug|Any CPU
		{86EFC0D3-6DD4-417D-BBB3-0C5596325C89}.Release|Any CPU.ActiveCfg = Release|Any CPU
		{86EFC0D3-6DD4-417D-BBB3-0C5596325C89}.Release|Any CPU.Build.0 = Release|Any CPU
		{86EFC0D3-6DD4-417D-BBB3-0C5596325C89}.Default|Any CPU.ActiveCfg = Debug|Any CPU
		{86EFC0D3-6DD4-417D-BBB3-0C5596325C89}.Default|Any CPU.Build.0 = Debug|Any CPU
		{6766D06C-5DB7-4933-A4AC-38396904C0DA}.Debug|Any CPU.ActiveCfg = Debug|Any CPU
		{6766D06C-5DB7-4933-A4AC-38396904C0DA}.Debug|Any CPU.Build.0 = Debug|Any CPU
		{6766D06C-5DB7-4933-A4AC-38396904C0DA}.Release|Any CPU.ActiveCfg = Release|Any CPU
		{6766D06C-5DB7-4933-A4AC-38396904C0DA}.Release|Any CPU.Build.0 = Release|Any CPU
		{6766D06C-5DB7-4933-A4AC-38396904C0DA}.Default|Any CPU.ActiveCfg = Debug|Any CPU
		{6766D06C-5DB7-4933-A4AC-38396904C0DA}.Default|Any CPU.Build.0 = Debug|Any CPU
	EndGlobalSection
	GlobalSection(SolutionProperties) = preSolution
		HideSolutionNode = FALSE
	EndGlobalSection
	GlobalSection(ExtensibilityGlobals) = postSolution
		SolutionGuid = {C97E0370-17D7-42A0-8865-4D96D8D652BB}
	EndGlobalSection
EndGlobal
