Microsoft Visual Studio Solution File, Format Version 12.00
# Visual Studio 15
VisualStudioVersion = 15.0.28307.136
MinimumVisualStudioVersion = 10.0.40219.1
Project("{9A19103F-16F7-4668-BE54-9A1E7A4F7556}") = "Day01", "Day01\Day01.csproj", "{E6DF7218-A934-4608-8077-6868884B8147}"
EndProject
Project("{9A19103F-16F7-4668-BE54-9A1E7A4F7556}") = "Day02", "Day02\Day02.csproj", "{EC5F959C-EFFA-49B2-AA5A-C4A4C47AF1A8}"
EndProject
Project("{9A19103F-16F7-4668-BE54-9A1E7A4F7556}") = "Day03", "Day03\Day03.csproj", "{38DDF92D-3227-4546-AA91-2853007441F7}"
EndProject
Project("{FAE04EC0-301F-11D3-BF4B-00C04F79EFBC}") = "Day04", "Day04\Day04.csproj", "{A043A628-9A8E-4D21-B2F7-E0F8EFEFAE4B}"
EndProject
Project("{D954291E-2A0B-460D-934E-DC6B0785DB48}") = "Common", "Common\Common.shproj", "{A715EC53-338F-4BB2-9098-BF5E8AD237B9}"
EndProject
Project("{FAE04EC0-301F-11D3-BF4B-00C04F79EFBC}") = "Day05", "Day05\Day05.csproj", "{7FF8156B-765C-4A90-813D-522A80DA1896}"
EndProject
Project("{FAE04EC0-301F-11D3-BF4B-00C04F79EFBC}") = "Day06", "Day06\Day06.csproj", "{EDB1A821-E8BD-4159-918B-556E33CDCFA6}"
EndProject
Project("{FAE04EC0-301F-11D3-BF4B-00C04F79EFBC}") = "Day07", "Day07\Day07.csproj", "{51069DB4-1E2E-4659-B5AF-BA058CA7F0FD}"
EndProject
Project("{FAE04EC0-301F-11D3-BF4B-00C04F79EFBC}") = "Day08", "Day08\Day08.csproj", "{5F4AABE2-1523-454A-ABFE-839424BB59FA}"
EndProject
Project("{FAE04EC0-301F-11D3-BF4B-00C04F79EFBC}") = "Day09", "Day09\Day09.csproj", "{FAED3BD5-7634-4A2E-A658-30D48A5F3D19}"
EndProject
Project("{FAE04EC0-301F-11D3-BF4B-00C04F79EFBC}") = "Day10", "Day10\Day10.csproj", "{E0A0C032-669A-4A5C-A665-83372EAACE1E}"
EndProject
Global
	GlobalSection(SolutionConfigurationPlatforms) = preSolution
		Debug|Any CPU = Debug|Any CPU
		Release|Any CPU = Release|Any CPU
	EndGlobalSection
	GlobalSection(ProjectConfigurationPlatforms) = postSolution
		{E6DF7218-A934-4608-8077-6868884B8147}.Debug|Any CPU.ActiveCfg = Debug|Any CPU
		{E6DF7218-A934-4608-8077-6868884B8147}.Debug|Any CPU.Build.0 = Debug|Any CPU
		{E6DF7218-A934-4608-8077-6868884B8147}.Release|Any CPU.ActiveCfg = Release|Any CPU
		{E6DF7218-A934-4608-8077-6868884B8147}.Release|Any CPU.Build.0 = Release|Any CPU
		{EC5F959C-EFFA-49B2-AA5A-C4A4C47AF1A8}.Debug|Any CPU.ActiveCfg = Debug|Any CPU
		{EC5F959C-EFFA-49B2-AA5A-C4A4C47AF1A8}.Debug|Any CPU.Build.0 = Debug|Any CPU
		{EC5F959C-EFFA-49B2-AA5A-C4A4C47AF1A8}.Release|Any CPU.ActiveCfg = Release|Any CPU
		{EC5F959C-EFFA-49B2-AA5A-C4A4C47AF1A8}.Release|Any CPU.Build.0 = Release|Any CPU
		{38DDF92D-3227-4546-AA91-2853007441F7}.Debug|Any CPU.ActiveCfg = Debug|Any CPU
		{38DDF92D-3227-4546-AA91-2853007441F7}.Debug|Any CPU.Build.0 = Debug|Any CPU
		{38DDF92D-3227-4546-AA91-2853007441F7}.Release|Any CPU.ActiveCfg = Release|Any CPU
		{38DDF92D-3227-4546-AA91-2853007441F7}.Release|Any CPU.Build.0 = Release|Any CPU
		{A043A628-9A8E-4D21-B2F7-E0F8EFEFAE4B}.Debug|Any CPU.ActiveCfg = Debug|Any CPU
		{A043A628-9A8E-4D21-B2F7-E0F8EFEFAE4B}.Debug|Any CPU.Build.0 = Debug|Any CPU
		{A043A628-9A8E-4D21-B2F7-E0F8EFEFAE4B}.Release|Any CPU.ActiveCfg = Release|Any CPU
		{A043A628-9A8E-4D21-B2F7-E0F8EFEFAE4B}.Release|Any CPU.Build.0 = Release|Any CPU
		{7FF8156B-765C-4A90-813D-522A80DA1896}.Debug|Any CPU.ActiveCfg = Debug|Any CPU
		{7FF8156B-765C-4A90-813D-522A80DA1896}.Debug|Any CPU.Build.0 = Debug|Any CPU
		{7FF8156B-765C-4A90-813D-522A80DA1896}.Release|Any CPU.ActiveCfg = Release|Any CPU
		{7FF8156B-765C-4A90-813D-522A80DA1896}.Release|Any CPU.Build.0 = Release|Any CPU
		{EDB1A821-E8BD-4159-918B-556E33CDCFA6}.Debug|Any CPU.ActiveCfg = Debug|Any CPU
		{EDB1A821-E8BD-4159-918B-556E33CDCFA6}.Debug|Any CPU.Build.0 = Debug|Any CPU
		{EDB1A821-E8BD-4159-918B-556E33CDCFA6}.Release|Any CPU.ActiveCfg = Release|Any CPU
		{EDB1A821-E8BD-4159-918B-556E33CDCFA6}.Release|Any CPU.Build.0 = Release|Any CPU
		{51069DB4-1E2E-4659-B5AF-BA058CA7F0FD}.Debug|Any CPU.ActiveCfg = Debug|Any CPU
		{51069DB4-1E2E-4659-B5AF-BA058CA7F0FD}.Debug|Any CPU.Build.0 = Debug|Any CPU
		{51069DB4-1E2E-4659-B5AF-BA058CA7F0FD}.Release|Any CPU.ActiveCfg = Release|Any CPU
		{51069DB4-1E2E-4659-B5AF-BA058CA7F0FD}.Release|Any CPU.Build.0 = Release|Any CPU
		{5F4AABE2-1523-454A-ABFE-839424BB59FA}.Debug|Any CPU.ActiveCfg = Debug|Any CPU
		{5F4AABE2-1523-454A-ABFE-839424BB59FA}.Debug|Any CPU.Build.0 = Debug|Any CPU
		{5F4AABE2-1523-454A-ABFE-839424BB59FA}.Release|Any CPU.ActiveCfg = Release|Any CPU
		{5F4AABE2-1523-454A-ABFE-839424BB59FA}.Release|Any CPU.Build.0 = Release|Any CPU
		{FAED3BD5-7634-4A2E-A658-30D48A5F3D19}.Debug|Any CPU.ActiveCfg = Debug|Any CPU
		{FAED3BD5-7634-4A2E-A658-30D48A5F3D19}.Debug|Any CPU.Build.0 = Debug|Any CPU
		{FAED3BD5-7634-4A2E-A658-30D48A5F3D19}.Release|Any CPU.ActiveCfg = Release|Any CPU
		{FAED3BD5-7634-4A2E-A658-30D48A5F3D19}.Release|Any CPU.Build.0 = Release|Any CPU
		{E0A0C032-669A-4A5C-A665-83372EAACE1E}.Debug|Any CPU.ActiveCfg = Debug|Any CPU
		{E0A0C032-669A-4A5C-A665-83372EAACE1E}.Debug|Any CPU.Build.0 = Debug|Any CPU
		{E0A0C032-669A-4A5C-A665-83372EAACE1E}.Release|Any CPU.ActiveCfg = Release|Any CPU
		{E0A0C032-669A-4A5C-A665-83372EAACE1E}.Release|Any CPU.Build.0 = Release|Any CPU
	EndGlobalSection
	GlobalSection(SolutionProperties) = preSolution
		HideSolutionNode = FALSE
	EndGlobalSection
	GlobalSection(ExtensibilityGlobals) = postSolution
		SolutionGuid = {C97E0370-17D7-42A0-8865-4D96D8D652BB}
	EndGlobalSection
EndGlobal
